
Microsoft Visual Studio Solution File, Format Version 12.00
# Visual Studio Version 16
VisualStudioVersion = 16.0.30413.136
MinimumVisualStudioVersion = 10.0.40219.1
Project("{FAE04EC0-301F-11D3-BF4B-00C04F79EFBC}") = "Entidades", "Entidades\Entidades.csproj", "{B8DF826D-A9D9-4658-90E3-6EF55D64973B}"
EndProject
Project("{FAE04EC0-301F-11D3-BF4B-00C04F79EFBC}") = "Archivos", "Archivos\Archivos.csproj", "{27F2DE7D-026E-4756-9078-198AFF36C615}"
EndProject
Project("{FAE04EC0-301F-11D3-BF4B-00C04F79EFBC}") = "Excepciones", "Excepciones\Excepciones.csproj", "{AB24E758-98E2-464A-B205-FB309302DAA1}"
EndProject
Project("{FAE04EC0-301F-11D3-BF4B-00C04F79EFBC}") = "Libreria", "Libreria\Libreria.csproj", "{84445543-2775-4A1B-80C0-06F3C18FC15A}"
EndProject
Project("{FAE04EC0-301F-11D3-BF4B-00C04F79EFBC}") = "EntidadesBD", "EntidadesBD\EntidadesBD.csproj", "{1589F958-4546-45C3-BE38-976A8B353518}"
EndProject
Global
	GlobalSection(SolutionConfigurationPlatforms) = preSolution
		Debug|Any CPU = Debug|Any CPU
		Release|Any CPU = Release|Any CPU
	EndGlobalSection
	GlobalSection(ProjectConfigurationPlatforms) = postSolution
		{B8DF826D-A9D9-4658-90E3-6EF55D64973B}.Debug|Any CPU.ActiveCfg = Debug|Any CPU
		{B8DF826D-A9D9-4658-90E3-6EF55D64973B}.Debug|Any CPU.Build.0 = Debug|Any CPU
		{B8DF826D-A9D9-4658-90E3-6EF55D64973B}.Release|Any CPU.ActiveCfg = Release|Any CPU
		{B8DF826D-A9D9-4658-90E3-6EF55D64973B}.Release|Any CPU.Build.0 = Release|Any CPU
		{27F2DE7D-026E-4756-9078-198AFF36C615}.Debug|Any CPU.ActiveCfg = Debug|Any CPU
		{27F2DE7D-026E-4756-9078-198AFF36C615}.Debug|Any CPU.Build.0 = Debug|Any CPU
		{27F2DE7D-026E-4756-9078-198AFF36C615}.Release|Any CPU.ActiveCfg = Release|Any CPU
		{27F2DE7D-026E-4756-9078-198AFF36C615}.Release|Any CPU.Build.0 = Release|Any CPU
		{AB24E758-98E2-464A-B205-FB309302DAA1}.Debug|Any CPU.ActiveCfg = Debug|Any CPU
		{AB24E758-98E2-464A-B205-FB309302DAA1}.Debug|Any CPU.Build.0 = Debug|Any CPU
		{AB24E758-98E2-464A-B205-FB309302DAA1}.Release|Any CPU.ActiveCfg = Release|Any CPU
		{AB24E758-98E2-464A-B205-FB309302DAA1}.Release|Any CPU.Build.0 = Release|Any CPU
		{84445543-2775-4A1B-80C0-06F3C18FC15A}.Debug|Any CPU.ActiveCfg = Debug|Any CPU
		{84445543-2775-4A1B-80C0-06F3C18FC15A}.Debug|Any CPU.Build.0 = Debug|Any CPU
		{84445543-2775-4A1B-80C0-06F3C18FC15A}.Release|Any CPU.ActiveCfg = Release|Any CPU
		{84445543-2775-4A1B-80C0-06F3C18FC15A}.Release|Any CPU.Build.0 = Release|Any CPU
		{1589F958-4546-45C3-BE38-976A8B353518}.Debug|Any CPU.ActiveCfg = Debug|Any CPU
		{1589F958-4546-45C3-BE38-976A8B353518}.Debug|Any CPU.Build.0 = Debug|Any CPU
		{1589F958-4546-45C3-BE38-976A8B353518}.Release|Any CPU.ActiveCfg = Release|Any CPU
		{1589F958-4546-45C3-BE38-976A8B353518}.Release|Any CPU.Build.0 = Release|Any CPU
	EndGlobalSection
	GlobalSection(SolutionProperties) = preSolution
		HideSolutionNode = FALSE
	EndGlobalSection
	GlobalSection(ExtensibilityGlobals) = postSolution
		SolutionGuid = {01EFF347-C825-4CB1-BCCF-E3672A74A476}
	EndGlobalSection
EndGlobal
